
Microsoft Visual Studio Solution File, Format Version 12.00
# Visual Studio Version 16
VisualStudioVersion = 16.0.32630.194
MinimumVisualStudioVersion = 10.0.40219.1
Project("{8BC9CEB8-8B4A-11D0-8D11-00A0C91BC942}") = "EventLoop", "EventLoop\EventLoop.vcxproj", "{75FFD3AE-9929-45AC-8CF1-F6701F4B0E79}"
EndProject
Project("{8BC9CEB8-8B4A-11D0-8D11-00A0C91BC942}") = "EventLoopTest", "EventLoopTest\EventLoopTest.vcxproj", "{09E229C8-7EC6-48E8-A796-FDE5A133300C}"
EndProject
Global
	GlobalSection(SolutionConfigurationPlatforms) = preSolution
		Debug|x64 = Debug|x64
		Debug|x86 = Debug|x86
		Release|x64 = Release|x64
		Release|x86 = Release|x86
	EndGlobalSection
	GlobalSection(ProjectConfigurationPlatforms) = postSolution
		{75FFD3AE-9929-45AC-8CF1-F6701F4B0E79}.Debug|x64.ActiveCfg = Debug|x64
		{75FFD3AE-9929-45AC-8CF1-F6701F4B0E79}.Debug|x64.Build.0 = Debug|x64
		{75FFD3AE-9929-45AC-8CF1-F6701F4B0E79}.Debug|x86.ActiveCfg = Debug|Win32
		{75FFD3AE-9929-45AC-8CF1-F6701F4B0E79}.Debug|x86.Build.0 = Debug|Win32
		{75FFD3AE-9929-45AC-8CF1-F6701F4B0E79}.Release|x64.ActiveCfg = Release|x64
		{75FFD3AE-9929-45AC-8CF1-F6701F4B0E79}.Release|x64.Build.0 = Release|x64
		{75FFD3AE-9929-45AC-8CF1-F6701F4B0E79}.Release|x86.ActiveCfg = Release|Win32
		{75FFD3AE-9929-45AC-8CF1-F6701F4B0E79}.Release|x86.Build.0 = Release|Win32
		{09E229C8-7EC6-48E8-A796-FDE5A133300C}.Debug|x64.ActiveCfg = Debug|x64
		{09E229C8-7EC6-48E8-A796-FDE5A133300C}.Debug|x64.Build.0 = Debug|x64
		{09E229C8-7EC6-48E8-A796-FDE5A133300C}.Debug|x86.ActiveCfg = Debug|Win32
		{09E229C8-7EC6-48E8-A796-FDE5A133300C}.Debug|x86.Build.0 = Debug|Win32
		{09E229C8-7EC6-48E8-A796-FDE5A133300C}.Release|x64.ActiveCfg = Release|x64
		{09E229C8-7EC6-48E8-A796-FDE5A133300C}.Release|x64.Build.0 = Release|x64
		{09E229C8-7EC6-48E8-A796-FDE5A133300C}.Release|x86.ActiveCfg = Release|Win32
		{09E229C8-7EC6-48E8-A796-FDE5A133300C}.Release|x86.Build.0 = Release|Win32
	EndGlobalSection
	GlobalSection(SolutionProperties) = preSolution
		HideSolutionNode = FALSE
	EndGlobalSection
	GlobalSection(ExtensibilityGlobals) = postSolution
		SolutionGuid = {29172221-C14D-4B38-8008-DA7FE06C8582}
	EndGlobalSection
EndGlobal
